
Microsoft Visual Studio Solution File, Format Version 12.00
# Visual Studio Version 17
VisualStudioVersion = 17.0.32112.339
MinimumVisualStudioVersion = 10.0.40219.1
Project("{2150E333-8FDC-42A3-9474-1A3956D46DE8}") = "ShopManagement", "ShopManagement", "{395CF597-4CA9-4940-8F1F-FB6811846455}"
EndProject
Project("{2150E333-8FDC-42A3-9474-1A3956D46DE8}") = "SM.Domain", "SM.Domain", "{3F3644A5-BD18-4445-9FD9-7BD291107565}"
EndProject
Project("{9A19103F-16F7-4668-BE54-9A1E7A4F7556}") = "ShopManagement.Domain", "ShopManagement.Domain\ShopManagement.Domain.csproj", "{C8FF8670-EC0E-48C6-9C6B-F70257D20CD6}"
EndProject
Project("{9A19103F-16F7-4668-BE54-9A1E7A4F7556}") = "0_Framework", "0_Framework\0_Framework.csproj", "{52CE1E51-224A-47F7-B8D8-99CB22B3E5F3}"
EndProject
Project("{2150E333-8FDC-42A3-9474-1A3956D46DE8}") = "SM.Application", "SM.Application", "{AE39DF72-FAB1-4FFA-A5F2-C8F794D25AC6}"
EndProject
Project("{9A19103F-16F7-4668-BE54-9A1E7A4F7556}") = "ShopManegement.App", "ShopManegement.App\ShopManegement.App.csproj", "{9124EC7D-820D-4B8D-9CC2-340C5343B9A8}"
EndProject
Project("{9A19103F-16F7-4668-BE54-9A1E7A4F7556}") = "ShopManegment.App.Concrete", "ShopManegment.App.Concrete\ShopManegment.App.Concrete.csproj", "{BD61F4F0-CC9A-4ABA-AACC-E04FD0C14A95}"
EndProject
Project("{2150E333-8FDC-42A3-9474-1A3956D46DE8}") = "SM.Infrastructure", "SM.Infrastructure", "{C8DCD5CE-FBF2-40A8-B929-EB1A340C297A}"
EndProject
Project("{9A19103F-16F7-4668-BE54-9A1E7A4F7556}") = "ShopManegment.Infrastructure.EfCore", "ShopManegment.Infrastructure.EfCore\ShopManegment.Infrastructure.EfCore.csproj", "{B0F6499F-CDA2-475C-8A4A-2D17BD9DBDDD}"
EndProject
Project("{9A19103F-16F7-4668-BE54-9A1E7A4F7556}") = "ShopManegment.Configuration", "ShopManegment.Configuration\ShopManegment.Configuration.csproj", "{0AFCD973-6F08-475A-99FE-58B56C58616B}"
EndProject
Project("{9A19103F-16F7-4668-BE54-9A1E7A4F7556}") = "ServiceHost", "ServiceHost\ServiceHost.csproj", "{7E5FCA4D-5D5F-457E-A423-831B9B9EC824}"
EndProject
Project("{9A19103F-16F7-4668-BE54-9A1E7A4F7556}") = "01_CarDealerShipQuery", "01_CarDealerShipQuery\01_CarDealerShipQuery.csproj", "{4AC72A35-AB21-4AD9-B33A-B09BD7949DA7}"
EndProject
Project("{2150E333-8FDC-42A3-9474-1A3956D46DE8}") = "DiscountManagement", "DiscountManagement", "{3219E34B-8B56-498C-92C2-6EB0481D3D41}"
EndProject
Project("{2150E333-8FDC-42A3-9474-1A3956D46DE8}") = "DM.Domain", "DM.Domain", "{B090D964-F651-4E80-91F6-FB7F0D28B1F8}"
EndProject
Project("{9A19103F-16F7-4668-BE54-9A1E7A4F7556}") = "DiscountManagement.Domain", "DiscountManagement.Domain\DiscountManagement.Domain.csproj", "{00B23888-9921-491C-9817-F8DA24A890A9}"
EndProject
Project("{2150E333-8FDC-42A3-9474-1A3956D46DE8}") = "DM.Application", "DM.Application", "{074E1426-06B2-4924-8891-F8196F353DB7}"
EndProject
Project("{9A19103F-16F7-4668-BE54-9A1E7A4F7556}") = "DiscountManagement.App", "DiscountManagement.App\DiscountManagement.App.csproj", "{41F1E695-A1A9-45EC-A064-91EA8FFA2B21}"
EndProject
Project("{9A19103F-16F7-4668-BE54-9A1E7A4F7556}") = "DiscountManegment.App.Concrete", "DiscountManegment.App.Concrete\DiscountManegment.App.Concrete.csproj", "{C3BC25E6-8258-4CEB-AE16-2459BED444ED}"
EndProject
Project("{2150E333-8FDC-42A3-9474-1A3956D46DE8}") = "DM.Infrastructure", "DM.Infrastructure", "{991CA0D6-C12E-40F9-9F2C-E6DB64C90BF4}"
EndProject
Project("{9A19103F-16F7-4668-BE54-9A1E7A4F7556}") = "DiscountManegment.Infrastructure.EfCore", "DiscountManegment.Infrastructure.EfCore\DiscountManegment.Infrastructure.EfCore.csproj", "{8E8A1B7E-B006-422C-A7B7-F51DB131610F}"
EndProject
Project("{9A19103F-16F7-4668-BE54-9A1E7A4F7556}") = "DiscountManagement.Configuration", "DiscountManagement.Configuration\DiscountManagement.Configuration.csproj", "{405FB847-037A-4191-B4F6-EF792EC15922}"
EndProject
Project("{2150E333-8FDC-42A3-9474-1A3956D46DE8}") = "AccountManagement", "AccountManagement", "{8A8EFB56-836E-4F66-9BE9-1B692E4DD3BE}"
EndProject
Project("{2150E333-8FDC-42A3-9474-1A3956D46DE8}") = "AM.Domain", "AM.Domain", "{E4D1AB50-7381-4F5F-B057-DD6CD7C511B9}"
EndProject
Project("{9A19103F-16F7-4668-BE54-9A1E7A4F7556}") = "AccountManagement.Domain", "AccountManagement.Domain\AccountManagement.Domain.csproj", "{18BD4616-0584-4D09-BF2B-472F6BF84611}"
EndProject
Project("{2150E333-8FDC-42A3-9474-1A3956D46DE8}") = "AM.Application", "AM.Application", "{7C178A59-FD66-4286-8A65-B76947B64F45}"
EndProject
Project("{9A19103F-16F7-4668-BE54-9A1E7A4F7556}") = "AccountManagement.App", "AccountManagement.App\AccountManagement.App.csproj", "{6E8EBE3D-0316-45A8-8490-34FA04D8DFD6}"
EndProject
Project("{2150E333-8FDC-42A3-9474-1A3956D46DE8}") = "AM.Infrastructure", "AM.Infrastructure", "{F1207B77-B33B-4CF9-BCDB-0C9B8BC9EB5F}"
EndProject
Project("{9A19103F-16F7-4668-BE54-9A1E7A4F7556}") = "AccountManagement.Infrastructure.EfCore", "AccountManagement.Infrastructure.EfCore\AccountManagement.Infrastructure.EfCore.csproj", "{6EA216D0-B76C-432A-96CD-F23AF8A11BB2}"
EndProject
Project("{9A19103F-16F7-4668-BE54-9A1E7A4F7556}") = "AccountManagement.App.Concrete", "AccountManagement.App.Concrete\AccountManagement.App.Concrete.csproj", "{C8F53EB8-22D1-4FF4-BDE3-85F9991A5F00}"
EndProject
Project("{9A19103F-16F7-4668-BE54-9A1E7A4F7556}") = "AccountManagement.Configuration", "AccountManagement.Configuration\AccountManagement.Configuration.csproj", "{EE359ACE-C6E1-42FC-8BA9-68D72FAEA178}"
EndProject
Project("{2150E333-8FDC-42A3-9474-1A3956D46DE8}") = "SM.Presentation", "SM.Presentation", "{D0473A0E-568C-4D21-AD3C-B3CE7935EF77}"
EndProject
Project("{FAE04EC0-301F-11D3-BF4B-00C04F79EFBC}") = "ShopManagement.Presentation.Api", "ShopManagement.Presentation.Api\ShopManagement.Presentation.Api.csproj", "{7363CC7C-71E8-4D23-9E66-B2264BA11652}"
EndProject
Global
	GlobalSection(SolutionConfigurationPlatforms) = preSolution
		Debug|Any CPU = Debug|Any CPU
		Release|Any CPU = Release|Any CPU
	EndGlobalSection
	GlobalSection(ProjectConfigurationPlatforms) = postSolution
		{C8FF8670-EC0E-48C6-9C6B-F70257D20CD6}.Debug|Any CPU.ActiveCfg = Debug|Any CPU
		{C8FF8670-EC0E-48C6-9C6B-F70257D20CD6}.Debug|Any CPU.Build.0 = Debug|Any CPU
		{C8FF8670-EC0E-48C6-9C6B-F70257D20CD6}.Release|Any CPU.ActiveCfg = Release|Any CPU
		{C8FF8670-EC0E-48C6-9C6B-F70257D20CD6}.Release|Any CPU.Build.0 = Release|Any CPU
		{52CE1E51-224A-47F7-B8D8-99CB22B3E5F3}.Debug|Any CPU.ActiveCfg = Debug|Any CPU
		{52CE1E51-224A-47F7-B8D8-99CB22B3E5F3}.Debug|Any CPU.Build.0 = Debug|Any CPU
		{52CE1E51-224A-47F7-B8D8-99CB22B3E5F3}.Release|Any CPU.ActiveCfg = Release|Any CPU
		{52CE1E51-224A-47F7-B8D8-99CB22B3E5F3}.Release|Any CPU.Build.0 = Release|Any CPU
		{9124EC7D-820D-4B8D-9CC2-340C5343B9A8}.Debug|Any CPU.ActiveCfg = Debug|Any CPU
		{9124EC7D-820D-4B8D-9CC2-340C5343B9A8}.Debug|Any CPU.Build.0 = Debug|Any CPU
		{9124EC7D-820D-4B8D-9CC2-340C5343B9A8}.Release|Any CPU.ActiveCfg = Release|Any CPU
		{9124EC7D-820D-4B8D-9CC2-340C5343B9A8}.Release|Any CPU.Build.0 = Release|Any CPU
		{BD61F4F0-CC9A-4ABA-AACC-E04FD0C14A95}.Debug|Any CPU.ActiveCfg = Debug|Any CPU
		{BD61F4F0-CC9A-4ABA-AACC-E04FD0C14A95}.Debug|Any CPU.Build.0 = Debug|Any CPU
		{BD61F4F0-CC9A-4ABA-AACC-E04FD0C14A95}.Release|Any CPU.ActiveCfg = Release|Any CPU
		{BD61F4F0-CC9A-4ABA-AACC-E04FD0C14A95}.Release|Any CPU.Build.0 = Release|Any CPU
		{B0F6499F-CDA2-475C-8A4A-2D17BD9DBDDD}.Debug|Any CPU.ActiveCfg = Debug|Any CPU
		{B0F6499F-CDA2-475C-8A4A-2D17BD9DBDDD}.Debug|Any CPU.Build.0 = Debug|Any CPU
		{B0F6499F-CDA2-475C-8A4A-2D17BD9DBDDD}.Release|Any CPU.ActiveCfg = Release|Any CPU
		{B0F6499F-CDA2-475C-8A4A-2D17BD9DBDDD}.Release|Any CPU.Build.0 = Release|Any CPU
		{0AFCD973-6F08-475A-99FE-58B56C58616B}.Debug|Any CPU.ActiveCfg = Debug|Any CPU
		{0AFCD973-6F08-475A-99FE-58B56C58616B}.Debug|Any CPU.Build.0 = Debug|Any CPU
		{0AFCD973-6F08-475A-99FE-58B56C58616B}.Release|Any CPU.ActiveCfg = Release|Any CPU
		{0AFCD973-6F08-475A-99FE-58B56C58616B}.Release|Any CPU.Build.0 = Release|Any CPU
		{7E5FCA4D-5D5F-457E-A423-831B9B9EC824}.Debug|Any CPU.ActiveCfg = Debug|Any CPU
		{7E5FCA4D-5D5F-457E-A423-831B9B9EC824}.Debug|Any CPU.Build.0 = Debug|Any CPU
		{7E5FCA4D-5D5F-457E-A423-831B9B9EC824}.Release|Any CPU.ActiveCfg = Release|Any CPU
		{7E5FCA4D-5D5F-457E-A423-831B9B9EC824}.Release|Any CPU.Build.0 = Release|Any CPU
		{4AC72A35-AB21-4AD9-B33A-B09BD7949DA7}.Debug|Any CPU.ActiveCfg = Debug|Any CPU
		{4AC72A35-AB21-4AD9-B33A-B09BD7949DA7}.Debug|Any CPU.Build.0 = Debug|Any CPU
		{4AC72A35-AB21-4AD9-B33A-B09BD7949DA7}.Release|Any CPU.ActiveCfg = Release|Any CPU
		{4AC72A35-AB21-4AD9-B33A-B09BD7949DA7}.Release|Any CPU.Build.0 = Release|Any CPU
		{00B23888-9921-491C-9817-F8DA24A890A9}.Debug|Any CPU.ActiveCfg = Debug|Any CPU
		{00B23888-9921-491C-9817-F8DA24A890A9}.Debug|Any CPU.Build.0 = Debug|Any CPU
		{00B23888-9921-491C-9817-F8DA24A890A9}.Release|Any CPU.ActiveCfg = Release|Any CPU
		{00B23888-9921-491C-9817-F8DA24A890A9}.Release|Any CPU.Build.0 = Release|Any CPU
		{41F1E695-A1A9-45EC-A064-91EA8FFA2B21}.Debug|Any CPU.ActiveCfg = Debug|Any CPU
		{41F1E695-A1A9-45EC-A064-91EA8FFA2B21}.Debug|Any CPU.Build.0 = Debug|Any CPU
		{41F1E695-A1A9-45EC-A064-91EA8FFA2B21}.Release|Any CPU.ActiveCfg = Release|Any CPU
		{41F1E695-A1A9-45EC-A064-91EA8FFA2B21}.Release|Any CPU.Build.0 = Release|Any CPU
		{C3BC25E6-8258-4CEB-AE16-2459BED444ED}.Debug|Any CPU.ActiveCfg = Debug|Any CPU
		{C3BC25E6-8258-4CEB-AE16-2459BED444ED}.Debug|Any CPU.Build.0 = Debug|Any CPU
		{C3BC25E6-8258-4CEB-AE16-2459BED444ED}.Release|Any CPU.ActiveCfg = Release|Any CPU
		{C3BC25E6-8258-4CEB-AE16-2459BED444ED}.Release|Any CPU.Build.0 = Release|Any CPU
		{8E8A1B7E-B006-422C-A7B7-F51DB131610F}.Debug|Any CPU.ActiveCfg = Debug|Any CPU
		{8E8A1B7E-B006-422C-A7B7-F51DB131610F}.Debug|Any CPU.Build.0 = Debug|Any CPU
		{8E8A1B7E-B006-422C-A7B7-F51DB131610F}.Release|Any CPU.ActiveCfg = Release|Any CPU
		{8E8A1B7E-B006-422C-A7B7-F51DB131610F}.Release|Any CPU.Build.0 = Release|Any CPU
		{405FB847-037A-4191-B4F6-EF792EC15922}.Debug|Any CPU.ActiveCfg = Debug|Any CPU
		{405FB847-037A-4191-B4F6-EF792EC15922}.Debug|Any CPU.Build.0 = Debug|Any CPU
		{405FB847-037A-4191-B4F6-EF792EC15922}.Release|Any CPU.ActiveCfg = Release|Any CPU
		{405FB847-037A-4191-B4F6-EF792EC15922}.Release|Any CPU.Build.0 = Release|Any CPU
		{18BD4616-0584-4D09-BF2B-472F6BF84611}.Debug|Any CPU.ActiveCfg = Debug|Any CPU
		{18BD4616-0584-4D09-BF2B-472F6BF84611}.Debug|Any CPU.Build.0 = Debug|Any CPU
		{18BD4616-0584-4D09-BF2B-472F6BF84611}.Release|Any CPU.ActiveCfg = Release|Any CPU
		{18BD4616-0584-4D09-BF2B-472F6BF84611}.Release|Any CPU.Build.0 = Release|Any CPU
		{6E8EBE3D-0316-45A8-8490-34FA04D8DFD6}.Debug|Any CPU.ActiveCfg = Debug|Any CPU
		{6E8EBE3D-0316-45A8-8490-34FA04D8DFD6}.Debug|Any CPU.Build.0 = Debug|Any CPU
		{6E8EBE3D-0316-45A8-8490-34FA04D8DFD6}.Release|Any CPU.ActiveCfg = Release|Any CPU
		{6E8EBE3D-0316-45A8-8490-34FA04D8DFD6}.Release|Any CPU.Build.0 = Release|Any CPU
		{6EA216D0-B76C-432A-96CD-F23AF8A11BB2}.Debug|Any CPU.ActiveCfg = Debug|Any CPU
		{6EA216D0-B76C-432A-96CD-F23AF8A11BB2}.Debug|Any CPU.Build.0 = Debug|Any CPU
		{6EA216D0-B76C-432A-96CD-F23AF8A11BB2}.Release|Any CPU.ActiveCfg = Release|Any CPU
		{6EA216D0-B76C-432A-96CD-F23AF8A11BB2}.Release|Any CPU.Build.0 = Release|Any CPU
		{C8F53EB8-22D1-4FF4-BDE3-85F9991A5F00}.Debug|Any CPU.ActiveCfg = Debug|Any CPU
		{C8F53EB8-22D1-4FF4-BDE3-85F9991A5F00}.Debug|Any CPU.Build.0 = Debug|Any CPU
		{C8F53EB8-22D1-4FF4-BDE3-85F9991A5F00}.Release|Any CPU.ActiveCfg = Release|Any CPU
		{C8F53EB8-22D1-4FF4-BDE3-85F9991A5F00}.Release|Any CPU.Build.0 = Release|Any CPU
		{EE359ACE-C6E1-42FC-8BA9-68D72FAEA178}.Debug|Any CPU.ActiveCfg = Debug|Any CPU
		{EE359ACE-C6E1-42FC-8BA9-68D72FAEA178}.Debug|Any CPU.Build.0 = Debug|Any CPU
		{EE359ACE-C6E1-42FC-8BA9-68D72FAEA178}.Release|Any CPU.ActiveCfg = Release|Any CPU
		{EE359ACE-C6E1-42FC-8BA9-68D72FAEA178}.Release|Any CPU.Build.0 = Release|Any CPU
		{7363CC7C-71E8-4D23-9E66-B2264BA11652}.Debug|Any CPU.ActiveCfg = Debug|Any CPU
		{7363CC7C-71E8-4D23-9E66-B2264BA11652}.Debug|Any CPU.Build.0 = Debug|Any CPU
		{7363CC7C-71E8-4D23-9E66-B2264BA11652}.Release|Any CPU.ActiveCfg = Release|Any CPU
		{7363CC7C-71E8-4D23-9E66-B2264BA11652}.Release|Any CPU.Build.0 = Release|Any CPU
	EndGlobalSection
	GlobalSection(SolutionProperties) = preSolution
		HideSolutionNode = FALSE
	EndGlobalSection
	GlobalSection(NestedProjects) = preSolution
		{3F3644A5-BD18-4445-9FD9-7BD291107565} = {395CF597-4CA9-4940-8F1F-FB6811846455}
		{C8FF8670-EC0E-48C6-9C6B-F70257D20CD6} = {3F3644A5-BD18-4445-9FD9-7BD291107565}
		{AE39DF72-FAB1-4FFA-A5F2-C8F794D25AC6} = {395CF597-4CA9-4940-8F1F-FB6811846455}
		{9124EC7D-820D-4B8D-9CC2-340C5343B9A8} = {AE39DF72-FAB1-4FFA-A5F2-C8F794D25AC6}
		{BD61F4F0-CC9A-4ABA-AACC-E04FD0C14A95} = {AE39DF72-FAB1-4FFA-A5F2-C8F794D25AC6}
		{C8DCD5CE-FBF2-40A8-B929-EB1A340C297A} = {395CF597-4CA9-4940-8F1F-FB6811846455}
		{B0F6499F-CDA2-475C-8A4A-2D17BD9DBDDD} = {C8DCD5CE-FBF2-40A8-B929-EB1A340C297A}
		{0AFCD973-6F08-475A-99FE-58B56C58616B} = {C8DCD5CE-FBF2-40A8-B929-EB1A340C297A}
		{B090D964-F651-4E80-91F6-FB7F0D28B1F8} = {3219E34B-8B56-498C-92C2-6EB0481D3D41}
		{00B23888-9921-491C-9817-F8DA24A890A9} = {B090D964-F651-4E80-91F6-FB7F0D28B1F8}
		{074E1426-06B2-4924-8891-F8196F353DB7} = {3219E34B-8B56-498C-92C2-6EB0481D3D41}
		{41F1E695-A1A9-45EC-A064-91EA8FFA2B21} = {074E1426-06B2-4924-8891-F8196F353DB7}
		{C3BC25E6-8258-4CEB-AE16-2459BED444ED} = {074E1426-06B2-4924-8891-F8196F353DB7}
		{991CA0D6-C12E-40F9-9F2C-E6DB64C90BF4} = {3219E34B-8B56-498C-92C2-6EB0481D3D41}
		{8E8A1B7E-B006-422C-A7B7-F51DB131610F} = {991CA0D6-C12E-40F9-9F2C-E6DB64C90BF4}
		{405FB847-037A-4191-B4F6-EF792EC15922} = {991CA0D6-C12E-40F9-9F2C-E6DB64C90BF4}
		{E4D1AB50-7381-4F5F-B057-DD6CD7C511B9} = {8A8EFB56-836E-4F66-9BE9-1B692E4DD3BE}
		{18BD4616-0584-4D09-BF2B-472F6BF84611} = {E4D1AB50-7381-4F5F-B057-DD6CD7C511B9}
		{7C178A59-FD66-4286-8A65-B76947B64F45} = {8A8EFB56-836E-4F66-9BE9-1B692E4DD3BE}
		{6E8EBE3D-0316-45A8-8490-34FA04D8DFD6} = {7C178A59-FD66-4286-8A65-B76947B64F45}
		{F1207B77-B33B-4CF9-BCDB-0C9B8BC9EB5F} = {8A8EFB56-836E-4F66-9BE9-1B692E4DD3BE}
		{6EA216D0-B76C-432A-96CD-F23AF8A11BB2} = {F1207B77-B33B-4CF9-BCDB-0C9B8BC9EB5F}
		{C8F53EB8-22D1-4FF4-BDE3-85F9991A5F00} = {7C178A59-FD66-4286-8A65-B76947B64F45}
		{EE359ACE-C6E1-42FC-8BA9-68D72FAEA178} = {F1207B77-B33B-4CF9-BCDB-0C9B8BC9EB5F}
		{D0473A0E-568C-4D21-AD3C-B3CE7935EF77} = {395CF597-4CA9-4940-8F1F-FB6811846455}
		{7363CC7C-71E8-4D23-9E66-B2264BA11652} = {D0473A0E-568C-4D21-AD3C-B3CE7935EF77}
	EndGlobalSection
	GlobalSection(ExtensibilityGlobals) = postSolution
		SolutionGuid = {FC7A9C3F-F8D1-45A8-8480-D6896EBB7B94}
	EndGlobalSection
EndGlobal
